
Microsoft Visual Studio Solution File, Format Version 12.00
# Visual Studio Version 17
VisualStudioVersion = 17.0.32126.317
MinimumVisualStudioVersion = 10.0.40219.1
Project("{FAE04EC0-301F-11D3-BF4B-00C04F79EFBC}") = "BlackJackGameCLI", "BlackJackGameCLI\BlackJackGameCLI.csproj", "{1EFF9D3B-A955-4D9A-B27B-F94D0464C879}"
EndProject
Global
	GlobalSection(SolutionConfigurationPlatforms) = preSolution
		Debug|Any CPU = Debug|Any CPU
		Release|Any CPU = Release|Any CPU
	EndGlobalSection
	GlobalSection(ProjectConfigurationPlatforms) = postSolution
		{1EFF9D3B-A955-4D9A-B27B-F94D0464C879}.Debug|Any CPU.ActiveCfg = Debug|Any CPU
		{1EFF9D3B-A955-4D9A-B27B-F94D0464C879}.Debug|Any CPU.Build.0 = Debug|Any CPU
		{1EFF9D3B-A955-4D9A-B27B-F94D0464C879}.Release|Any CPU.ActiveCfg = Release|Any CPU
		{1EFF9D3B-A955-4D9A-B27B-F94D0464C879}.Release|Any CPU.Build.0 = Release|Any CPU
	EndGlobalSection
	GlobalSection(SolutionProperties) = preSolution
		HideSolutionNode = FALSE
	EndGlobalSection
	GlobalSection(ExtensibilityGlobals) = postSolution
		SolutionGuid = {21C9970A-F907-4172-867F-E08B05DA804F}
	EndGlobalSection
EndGlobal
